
Microsoft Visual Studio Solution File, Format Version 12.00
# Visual Studio Version 16
VisualStudioVersion = 16.0.30711.63
MinimumVisualStudioVersion = 10.0.40219.1
Project("{FAE04EC0-301F-11D3-BF4B-00C04F79EFBC}") = "Olx_Proj", "Olx_Proj\Olx_Proj.csproj", "{5D7D1A8A-3AC9-4F8F-9EE3-D08CC0662EB7}"
EndProject
Global
	GlobalSection(SolutionConfigurationPlatforms) = preSolution
		Debug|Any CPU = Debug|Any CPU
		Release|Any CPU = Release|Any CPU
	EndGlobalSection
	GlobalSection(ProjectConfigurationPlatforms) = postSolution
		{5D7D1A8A-3AC9-4F8F-9EE3-D08CC0662EB7}.Debug|Any CPU.ActiveCfg = Debug|Any CPU
		{5D7D1A8A-3AC9-4F8F-9EE3-D08CC0662EB7}.Debug|Any CPU.Build.0 = Debug|Any CPU
		{5D7D1A8A-3AC9-4F8F-9EE3-D08CC0662EB7}.Release|Any CPU.ActiveCfg = Release|Any CPU
		{5D7D1A8A-3AC9-4F8F-9EE3-D08CC0662EB7}.Release|Any CPU.Build.0 = Release|Any CPU
	EndGlobalSection
	GlobalSection(SolutionProperties) = preSolution
		HideSolutionNode = FALSE
	EndGlobalSection
	GlobalSection(ExtensibilityGlobals) = postSolution
		SolutionGuid = {A023A483-D964-47B7-9CB1-C88EF735865A}
	EndGlobalSection
EndGlobal
